
Microsoft Visual Studio Solution File, Format Version 12.00
# Visual Studio Version 17
VisualStudioVersion = 17.10.34928.147
MinimumVisualStudioVersion = 10.0.40219.1
Project("{FAE04EC0-301F-11D3-BF4B-00C04F79EFBC}") = "ModuleDelegates_Task_2", "ModuleDelegates_Task_2.csproj", "{D7F34C83-4246-4D69-98D3-E72A005E245A}"
EndProject
Global
	GlobalSection(SolutionConfigurationPlatforms) = preSolution
		Debug|Any CPU = Debug|Any CPU
		Release|Any CPU = Release|Any CPU
	EndGlobalSection
	GlobalSection(ProjectConfigurationPlatforms) = postSolution
		{D7F34C83-4246-4D69-98D3-E72A005E245A}.Debug|Any CPU.ActiveCfg = Debug|Any CPU
		{D7F34C83-4246-4D69-98D3-E72A005E245A}.Debug|Any CPU.Build.0 = Debug|Any CPU
		{D7F34C83-4246-4D69-98D3-E72A005E245A}.Release|Any CPU.ActiveCfg = Release|Any CPU
		{D7F34C83-4246-4D69-98D3-E72A005E245A}.Release|Any CPU.Build.0 = Release|Any CPU
	EndGlobalSection
	GlobalSection(SolutionProperties) = preSolution
		HideSolutionNode = FALSE
	EndGlobalSection
	GlobalSection(ExtensibilityGlobals) = postSolution
		SolutionGuid = {DED4BDF6-2582-48B3-8507-25A8268DC819}
	EndGlobalSection
EndGlobal
